// !$*UTF8*$!
{
	archiveVersion = 1;
	classes = {
	};
	objectVersion = 77;
	objects = {

/* Begin PBXBuildFile section */
		C211F8ED2D1D7B1800003A60 /* TO_DO.swift in Sources */ = {isa = PBXBuildFile; fileRef = C211F8EC2D1D7B0B00003A60 /* TO_DO.swift */; };
		C2999FC92E8BBC7B005BA310 /* TestData.swift in Sources */ = {isa = PBXBuildFile; fileRef = C2999FC82E8BBC7A005BA310 /* TestData.swift */; };
		C2A03C442E896DEF004FDD23 /* CoreDataStack.swift in Sources */ = {isa = PBXBuildFile; fileRef = C2A03C432E896DEF004FDD23 /* CoreDataStack.swift */; };
		C2ABACA52CF75A6A008A2D53 /* Assets.xcassets in Resources */ = {isa = PBXBuildFile; fileRef = C2ABACA42CF75A6A008A2D53 /* Assets.xcassets */; };
		C2CBF33C2CF7212900721136 /* DetailScreenView.swift in Sources */ = {isa = PBXBuildFile; fileRef = C2CBF3302CF7212900721136 /* DetailScreenView.swift */; };
		C2CBF33D2CF7212900721136 /* TaskJSON.swift in Sources */ = {isa = PBXBuildFile; fileRef = C2CBF3322CF7212900721136 /* TaskJSON.swift */; };
		C2CBF33E2CF7212900721136 /* MainScreenView.swift in Sources */ = {isa = PBXBuildFile; fileRef = C2CBF3342CF7212900721136 /* MainScreenView.swift */; };
		C2CBF3402CF7212900721136 /* TaskListRowView.swift in Sources */ = {isa = PBXBuildFile; fileRef = C2CBF3362CF7212900721136 /* TaskListRowView.swift */; };
		C2CBF3412CF7212900721136 /* Viper_SwiftUI_CoreDataApp.swift in Sources */ = {isa = PBXBuildFile; fileRef = C2CBF33A2CF7212900721136 /* Viper_SwiftUI_CoreDataApp.swift */; };
		C2CBF3422CF7212900721136 /* Preview Assets.xcassets in Resources */ = {isa = PBXBuildFile; fileRef = C2CBF3382CF7212900721136 /* Preview Assets.xcassets */; };
		C2CBF34B2CF7212F00721136 /* TasksProvider.swift in Sources */ = {isa = PBXBuildFile; fileRef = C2CBF3432CF7212F00721136 /* TasksProvider.swift */; };
		C2CBF34C2CF7212F00721136 /* Theme.swift in Sources */ = {isa = PBXBuildFile; fileRef = C2CBF3492CF7212F00721136 /* Theme.swift */; };
		C2CBF34E2CF7212F00721136 /* Colors.xcassets in Resources */ = {isa = PBXBuildFile; fileRef = C2CBF3462CF7212F00721136 /* Colors.xcassets */; };
		C2CBF34F2CF7212F00721136 /* SF-Pro.ttf in Resources */ = {isa = PBXBuildFile; fileRef = C2CBF3472CF7212F00721136 /* SF-Pro.ttf */; };
		C2CBF3502CF7212F00721136 /* SFProText.ttf in Resources */ = {isa = PBXBuildFile; fileRef = C2CBF3482CF7212F00721136 /* SFProText.ttf */; };
		C2CBF3532CF7213500721136 /* Viper_SwiftUI_CoreDataTests.swift in Sources */ = {isa = PBXBuildFile; fileRef = C2CBF3512CF7213500721136 /* Viper_SwiftUI_CoreDataTests.swift */; };
		C2CBF3572CF7213A00721136 /* Viper_SwiftUI_CoreDataUITests.swift in Sources */ = {isa = PBXBuildFile; fileRef = C2CBF3542CF7213A00721136 /* Viper_SwiftUI_CoreDataUITests.swift */; };
		C2CBF3582CF7213A00721136 /* Viper_SwiftUI_CoreDataUITestsLaunchTests.swift in Sources */ = {isa = PBXBuildFile; fileRef = C2CBF3552CF7213A00721136 /* Viper_SwiftUI_CoreDataUITestsLaunchTests.swift */; };
		C2EE61112E898FB500AC5723 /* Viper_SwiftUI_CoreData.xcdatamodeld in Sources */ = {isa = PBXBuildFile; fileRef = C2EE610F2E898FB400AC5723 /* Viper_SwiftUI_CoreData.xcdatamodeld */; };
		C2EE61142E89908800AC5723 /* TaskModel+CoreDataClass.swift in Sources */ = {isa = PBXBuildFile; fileRef = C2EE61122E89908800AC5723 /* TaskModel+CoreDataClass.swift */; };
		C2EE61152E89908800AC5723 /* TaskModel+CoreDataProperties.swift in Sources */ = {isa = PBXBuildFile; fileRef = C2EE61132E89908800AC5723 /* TaskModel+CoreDataProperties.swift */; };
		C2EE61182E8A629500AC5723 /* HTTPDataDownloader.swift in Sources */ = {isa = PBXBuildFile; fileRef = C2EE61172E8A629500AC5723 /* HTTPDataDownloader.swift */; };
		C2EE611A2E8A645000AC5723 /* ErrorHandler.swift in Sources */ = {isa = PBXBuildFile; fileRef = C2EE61192E8A645000AC5723 /* ErrorHandler.swift */; };
		C2EE611C2E8A6CF800AC5723 /* Task.swift in Sources */ = {isa = PBXBuildFile; fileRef = C2EE611B2E8A6CF800AC5723 /* Task.swift */; };
		C2EE611E2E8A72E000AC5723 /* TasksClient.swift in Sources */ = {isa = PBXBuildFile; fileRef = C2EE611D2E8A72E000AC5723 /* TasksClient.swift */; };
/* End PBXBuildFile section */

/* Begin PBXContainerItemProxy section */
		C2CBF2CA2CF0A6B100721136 /* PBXContainerItemProxy */ = {
			isa = PBXContainerItemProxy;
			containerPortal = C2CBF2B12CF0A6AF00721136 /* Project object */;
			proxyType = 1;
			remoteGlobalIDString = C2CBF2B82CF0A6AF00721136;
			remoteInfo = Viper_SwiftUI_CoreData;
		};
		C2CBF2D42CF0A6B100721136 /* PBXContainerItemProxy */ = {
			isa = PBXContainerItemProxy;
			containerPortal = C2CBF2B12CF0A6AF00721136 /* Project object */;
			proxyType = 1;
			remoteGlobalIDString = C2CBF2B82CF0A6AF00721136;
			remoteInfo = Viper_SwiftUI_CoreData;
		};
/* End PBXContainerItemProxy section */

/* Begin PBXFileReference section */
		C211F8EC2D1D7B0B00003A60 /* TO_DO.swift */ = {isa = PBXFileReference; lastKnownFileType = sourcecode.swift; path = TO_DO.swift; sourceTree = "<group>"; };
		C2999FC82E8BBC7A005BA310 /* TestData.swift */ = {isa = PBXFileReference; lastKnownFileType = sourcecode.swift; path = TestData.swift; sourceTree = "<group>"; };
		C2A03C432E896DEF004FDD23 /* CoreDataStack.swift */ = {isa = PBXFileReference; lastKnownFileType = sourcecode.swift; path = CoreDataStack.swift; sourceTree = "<group>"; };
		C2ABACA42CF75A6A008A2D53 /* Assets.xcassets */ = {isa = PBXFileReference; lastKnownFileType = folder.assetcatalog; path = Assets.xcassets; sourceTree = "<group>"; };
		C2CBF2B92CF0A6AF00721136 /* Viper_SwiftUI_CoreData.app */ = {isa = PBXFileReference; explicitFileType = wrapper.application; includeInIndex = 0; path = Viper_SwiftUI_CoreData.app; sourceTree = BUILT_PRODUCTS_DIR; };
		C2CBF2C92CF0A6B100721136 /* Viper_SwiftUI_CoreDataTests.xctest */ = {isa = PBXFileReference; explicitFileType = wrapper.cfbundle; includeInIndex = 0; path = Viper_SwiftUI_CoreDataTests.xctest; sourceTree = BUILT_PRODUCTS_DIR; };
		C2CBF2D32CF0A6B100721136 /* Viper_SwiftUI_CoreDataUITests.xctest */ = {isa = PBXFileReference; explicitFileType = wrapper.cfbundle; includeInIndex = 0; path = Viper_SwiftUI_CoreDataUITests.xctest; sourceTree = BUILT_PRODUCTS_DIR; };
		C2CBF3302CF7212900721136 /* DetailScreenView.swift */ = {isa = PBXFileReference; lastKnownFileType = sourcecode.swift; path = DetailScreenView.swift; sourceTree = "<group>"; };
		C2CBF3322CF7212900721136 /* TaskJSON.swift */ = {isa = PBXFileReference; lastKnownFileType = sourcecode.swift; path = TaskJSON.swift; sourceTree = "<group>"; };
		C2CBF3342CF7212900721136 /* MainScreenView.swift */ = {isa = PBXFileReference; lastKnownFileType = sourcecode.swift; path = MainScreenView.swift; sourceTree = "<group>"; };
		C2CBF3362CF7212900721136 /* TaskListRowView.swift */ = {isa = PBXFileReference; lastKnownFileType = sourcecode.swift; path = TaskListRowView.swift; sourceTree = "<group>"; };
		C2CBF3382CF7212900721136 /* Preview Assets.xcassets */ = {isa = PBXFileReference; lastKnownFileType = folder.assetcatalog; path = "Preview Assets.xcassets"; sourceTree = "<group>"; };
		C2CBF33A2CF7212900721136 /* Viper_SwiftUI_CoreDataApp.swift */ = {isa = PBXFileReference; lastKnownFileType = sourcecode.swift; path = Viper_SwiftUI_CoreDataApp.swift; sourceTree = "<group>"; };
		C2CBF3432CF7212F00721136 /* TasksProvider.swift */ = {isa = PBXFileReference; lastKnownFileType = sourcecode.swift; path = TasksProvider.swift; sourceTree = "<group>"; };
		C2CBF3462CF7212F00721136 /* Colors.xcassets */ = {isa = PBXFileReference; lastKnownFileType = folder.assetcatalog; path = Colors.xcassets; sourceTree = "<group>"; };
		C2CBF3472CF7212F00721136 /* SF-Pro.ttf */ = {isa = PBXFileReference; lastKnownFileType = file; path = "SF-Pro.ttf"; sourceTree = "<group>"; };
		C2CBF3482CF7212F00721136 /* SFProText.ttf */ = {isa = PBXFileReference; lastKnownFileType = file; path = SFProText.ttf; sourceTree = "<group>"; };
		C2CBF3492CF7212F00721136 /* Theme.swift */ = {isa = PBXFileReference; lastKnownFileType = sourcecode.swift; path = Theme.swift; sourceTree = "<group>"; };
		C2CBF3512CF7213500721136 /* Viper_SwiftUI_CoreDataTests.swift */ = {isa = PBXFileReference; lastKnownFileType = sourcecode.swift; path = Viper_SwiftUI_CoreDataTests.swift; sourceTree = "<group>"; };
		C2CBF3542CF7213A00721136 /* Viper_SwiftUI_CoreDataUITests.swift */ = {isa = PBXFileReference; lastKnownFileType = sourcecode.swift; path = Viper_SwiftUI_CoreDataUITests.swift; sourceTree = "<group>"; };
		C2CBF3552CF7213A00721136 /* Viper_SwiftUI_CoreDataUITestsLaunchTests.swift */ = {isa = PBXFileReference; lastKnownFileType = sourcecode.swift; path = Viper_SwiftUI_CoreDataUITestsLaunchTests.swift; sourceTree = "<group>"; };
		C2EE61102E898FB400AC5723 /* Viper_SwiftUI_CoreData.xcdatamodel */ = {isa = PBXFileReference; lastKnownFileType = wrapper.xcdatamodel; path = Viper_SwiftUI_CoreData.xcdatamodel; sourceTree = "<group>"; };
		C2EE61122E89908800AC5723 /* TaskModel+CoreDataClass.swift */ = {isa = PBXFileReference; lastKnownFileType = sourcecode.swift; path = "TaskModel+CoreDataClass.swift"; sourceTree = "<group>"; };
		C2EE61132E89908800AC5723 /* TaskModel+CoreDataProperties.swift */ = {isa = PBXFileReference; lastKnownFileType = sourcecode.swift; path = "TaskModel+CoreDataProperties.swift"; sourceTree = "<group>"; };
		C2EE61172E8A629500AC5723 /* HTTPDataDownloader.swift */ = {isa = PBXFileReference; lastKnownFileType = sourcecode.swift; path = HTTPDataDownloader.swift; sourceTree = "<group>"; };
		C2EE61192E8A645000AC5723 /* ErrorHandler.swift */ = {isa = PBXFileReference; lastKnownFileType = sourcecode.swift; path = ErrorHandler.swift; sourceTree = "<group>"; };
		C2EE611B2E8A6CF800AC5723 /* Task.swift */ = {isa = PBXFileReference; lastKnownFileType = sourcecode.swift; path = Task.swift; sourceTree = "<group>"; };
		C2EE611D2E8A72E000AC5723 /* TasksClient.swift */ = {isa = PBXFileReference; lastKnownFileType = sourcecode.swift; path = TasksClient.swift; sourceTree = "<group>"; };
/* End PBXFileReference section */

/* Begin PBXFrameworksBuildPhase section */
		C2CBF2B62CF0A6AF00721136 /* Frameworks */ = {
			isa = PBXFrameworksBuildPhase;
			buildActionMask = 2147483647;
			files = (
			);
			runOnlyForDeploymentPostprocessing = 0;
		};
		C2CBF2C62CF0A6B100721136 /* Frameworks */ = {
			isa = PBXFrameworksBuildPhase;
			buildActionMask = 2147483647;
			files = (
			);
			runOnlyForDeploymentPostprocessing = 0;
		};
		C2CBF2D02CF0A6B100721136 /* Frameworks */ = {
			isa = PBXFrameworksBuildPhase;
			buildActionMask = 2147483647;
			files = (
			);
			runOnlyForDeploymentPostprocessing = 0;
		};
/* End PBXFrameworksBuildPhase section */

/* Begin PBXGroup section */
		C2A03C422E896DD5004FDD23 /* CoreData */ = {
			isa = PBXGroup;
			children = (
				C2EE61132E89908800AC5723 /* TaskModel+CoreDataProperties.swift */,
				C2EE61122E89908800AC5723 /* TaskModel+CoreDataClass.swift */,
				C2A03C432E896DEF004FDD23 /* CoreDataStack.swift */,
				C2EE610F2E898FB400AC5723 /* Viper_SwiftUI_CoreData.xcdatamodeld */,
			);
			path = CoreData;
			sourceTree = "<group>";
		};
		C2CBF2B02CF0A6AF00721136 = {
			isa = PBXGroup;
			children = (
				C2CBF33B2CF7212900721136 /* Viper_SwiftUI_CoreData */,
				C2CBF3522CF7213500721136 /* Viper_SwiftUI_CoreDataTests */,
				C2CBF3562CF7213A00721136 /* Viper_SwiftUI_CoreDataUITests */,
				C2CBF2BA2CF0A6AF00721136 /* Products */,
			);
			sourceTree = "<group>";
		};
		C2CBF2BA2CF0A6AF00721136 /* Products */ = {
			isa = PBXGroup;
			children = (
				C2CBF2B92CF0A6AF00721136 /* Viper_SwiftUI_CoreData.app */,
				C2CBF2C92CF0A6B100721136 /* Viper_SwiftUI_CoreDataTests.xctest */,
				C2CBF2D32CF0A6B100721136 /* Viper_SwiftUI_CoreDataUITests.xctest */,
			);
			name = Products;
			sourceTree = "<group>";
		};
		C2CBF3312CF7212900721136 /* DetailScreenViews */ = {
			isa = PBXGroup;
			children = (
				C2CBF3302CF7212900721136 /* DetailScreenView.swift */,
			);
			path = DetailScreenViews;
			sourceTree = "<group>";
		};
		C2CBF3332CF7212900721136 /* EntityModels */ = {
			isa = PBXGroup;
			children = (
				C2EE611B2E8A6CF800AC5723 /* Task.swift */,
				C2CBF3322CF7212900721136 /* TaskJSON.swift */,
				C2EE61192E8A645000AC5723 /* ErrorHandler.swift */,
			);
			path = EntityModels;
			sourceTree = "<group>";
		};
		C2CBF3372CF7212900721136 /* MainScreenViews */ = {
			isa = PBXGroup;
			children = (
				C2CBF3342CF7212900721136 /* MainScreenView.swift */,
				C2CBF3362CF7212900721136 /* TaskListRowView.swift */,
			);
			path = MainScreenViews;
			sourceTree = "<group>";
		};
		C2CBF3392CF7212900721136 /* Preview Content */ = {
			isa = PBXGroup;
			children = (
				C2CBF3382CF7212900721136 /* Preview Assets.xcassets */,
				C2999FC82E8BBC7A005BA310 /* TestData.swift */,
			);
			path = "Preview Content";
			sourceTree = "<group>";
		};
		C2CBF33B2CF7212900721136 /* Viper_SwiftUI_CoreData */ = {
			isa = PBXGroup;
			children = (
				C2CBF3592CF7219500721136 /* Views */,
				C2CBF3332CF7212900721136 /* EntityModels */,
				C2CBF34A2CF7212F00721136 /* Resourses */,
				C2CBF33A2CF7212900721136 /* Viper_SwiftUI_CoreDataApp.swift */,
				C2CBF3392CF7212900721136 /* Preview Content */,
			);
			path = Viper_SwiftUI_CoreData;
			sourceTree = "<group>";
		};
		C2CBF3442CF7212F00721136 /* Data */ = {
			isa = PBXGroup;
			children = (
				C2CBF3432CF7212F00721136 /* TasksProvider.swift */,
			);
			path = Data;
			sourceTree = "<group>";
		};
		C2CBF34A2CF7212F00721136 /* Resourses */ = {
			isa = PBXGroup;
			children = (
				C2EE61162E8A625800AC5723 /* DataDownloader */,
				C2A03C422E896DD5004FDD23 /* CoreData */,
				C2CBF3442CF7212F00721136 /* Data */,
				C2CBF3462CF7212F00721136 /* Colors.xcassets */,
				C2ABACA42CF75A6A008A2D53 /* Assets.xcassets */,
				C2CBF3472CF7212F00721136 /* SF-Pro.ttf */,
				C2CBF3482CF7212F00721136 /* SFProText.ttf */,
				C2CBF3492CF7212F00721136 /* Theme.swift */,
			);
			path = Resourses;
			sourceTree = "<group>";
		};
		C2CBF3522CF7213500721136 /* Viper_SwiftUI_CoreDataTests */ = {
			isa = PBXGroup;
			children = (
				C2CBF3512CF7213500721136 /* Viper_SwiftUI_CoreDataTests.swift */,
			);
			path = Viper_SwiftUI_CoreDataTests;
			sourceTree = "<group>";
		};
		C2CBF3562CF7213A00721136 /* Viper_SwiftUI_CoreDataUITests */ = {
			isa = PBXGroup;
			children = (
				C2CBF3542CF7213A00721136 /* Viper_SwiftUI_CoreDataUITests.swift */,
				C2CBF3552CF7213A00721136 /* Viper_SwiftUI_CoreDataUITestsLaunchTests.swift */,
			);
			path = Viper_SwiftUI_CoreDataUITests;
			sourceTree = "<group>";
		};
		C2CBF3592CF7219500721136 /* Views */ = {
			isa = PBXGroup;
			children = (
				C211F8EC2D1D7B0B00003A60 /* TO_DO.swift */,
				C2CBF3372CF7212900721136 /* MainScreenViews */,
				C2CBF3312CF7212900721136 /* DetailScreenViews */,
			);
			path = Views;
			sourceTree = "<group>";
		};
		C2EE61162E8A625800AC5723 /* DataDownloader */ = {
			isa = PBXGroup;
			children = (
				C2EE61172E8A629500AC5723 /* HTTPDataDownloader.swift */,
				C2EE611D2E8A72E000AC5723 /* TasksClient.swift */,
			);
			path = DataDownloader;
			sourceTree = "<group>";
		};
/* End PBXGroup section */

/* Begin PBXNativeTarget section */
		C2CBF2B82CF0A6AF00721136 /* Viper_SwiftUI_CoreData */ = {
			isa = PBXNativeTarget;
			buildConfigurationList = C2CBF2DD2CF0A6B100721136 /* Build configuration list for PBXNativeTarget "Viper_SwiftUI_CoreData" */;
			buildPhases = (
				C2CBF2B52CF0A6AF00721136 /* Sources */,
				C2CBF2B62CF0A6AF00721136 /* Frameworks */,
				C2CBF2B72CF0A6AF00721136 /* Resources */,
			);
			buildRules = (
			);
			dependencies = (
			);
			name = Viper_SwiftUI_CoreData;
			packageProductDependencies = (
			);
			productName = Viper_SwiftUI_CoreData;
			productReference = C2CBF2B92CF0A6AF00721136 /* Viper_SwiftUI_CoreData.app */;
			productType = "com.apple.product-type.application";
		};
		C2CBF2C82CF0A6B100721136 /* Viper_SwiftUI_CoreDataTests */ = {
			isa = PBXNativeTarget;
			buildConfigurationList = C2CBF2E02CF0A6B100721136 /* Build configuration list for PBXNativeTarget "Viper_SwiftUI_CoreDataTests" */;
			buildPhases = (
				C2CBF2C52CF0A6B100721136 /* Sources */,
				C2CBF2C62CF0A6B100721136 /* Frameworks */,
				C2CBF2C72CF0A6B100721136 /* Resources */,
			);
			buildRules = (
			);
			dependencies = (
				C2CBF2CB2CF0A6B100721136 /* PBXTargetDependency */,
			);
			name = Viper_SwiftUI_CoreDataTests;
			packageProductDependencies = (
			);
			productName = Viper_SwiftUI_CoreDataTests;
			productReference = C2CBF2C92CF0A6B100721136 /* Viper_SwiftUI_CoreDataTests.xctest */;
			productType = "com.apple.product-type.bundle.unit-test";
		};
		C2CBF2D22CF0A6B100721136 /* Viper_SwiftUI_CoreDataUITests */ = {
			isa = PBXNativeTarget;
			buildConfigurationList = C2CBF2E32CF0A6B100721136 /* Build configuration list for PBXNativeTarget "Viper_SwiftUI_CoreDataUITests" */;
			buildPhases = (
				C2CBF2CF2CF0A6B100721136 /* Sources */,
				C2CBF2D02CF0A6B100721136 /* Frameworks */,
				C2CBF2D12CF0A6B100721136 /* Resources */,
			);
			buildRules = (
			);
			dependencies = (
				C2CBF2D52CF0A6B100721136 /* PBXTargetDependency */,
			);
			name = Viper_SwiftUI_CoreDataUITests;
			packageProductDependencies = (
			);
			productName = Viper_SwiftUI_CoreDataUITests;
			productReference = C2CBF2D32CF0A6B100721136 /* Viper_SwiftUI_CoreDataUITests.xctest */;
			productType = "com.apple.product-type.bundle.ui-testing";
		};
/* End PBXNativeTarget section */

/* Begin PBXProject section */
		C2CBF2B12CF0A6AF00721136 /* Project object */ = {
			isa = PBXProject;
			attributes = {
				BuildIndependentTargetsInParallel = 1;
				LastSwiftUpdateCheck = 1610;
				LastUpgradeCheck = 1610;
				TargetAttributes = {
					C2CBF2B82CF0A6AF00721136 = {
						CreatedOnToolsVersion = 16.1;
					};
					C2CBF2C82CF0A6B100721136 = {
						CreatedOnToolsVersion = 16.1;
						TestTargetID = C2CBF2B82CF0A6AF00721136;
					};
					C2CBF2D22CF0A6B100721136 = {
						CreatedOnToolsVersion = 16.1;
						TestTargetID = C2CBF2B82CF0A6AF00721136;
					};
				};
			};
			buildConfigurationList = C2CBF2B42CF0A6AF00721136 /* Build configuration list for PBXProject "Viper_SwiftUI_CoreData" */;
			developmentRegion = en;
			hasScannedForEncodings = 0;
			knownRegions = (
				en,
				Base,
			);
			mainGroup = C2CBF2B02CF0A6AF00721136;
			minimizedProjectReferenceProxies = 1;
			preferredProjectObjectVersion = 77;
			productRefGroup = C2CBF2BA2CF0A6AF00721136 /* Products */;
			projectDirPath = "";
			projectRoot = "";
			targets = (
				C2CBF2B82CF0A6AF00721136 /* Viper_SwiftUI_CoreData */,
				C2CBF2C82CF0A6B100721136 /* Viper_SwiftUI_CoreDataTests */,
				C2CBF2D22CF0A6B100721136 /* Viper_SwiftUI_CoreDataUITests */,
			);
		};
/* End PBXProject section */

/* Begin PBXResourcesBuildPhase section */
		C2CBF2B72CF0A6AF00721136 /* Resources */ = {
			isa = PBXResourcesBuildPhase;
			buildActionMask = 2147483647;
			files = (
				C2CBF34E2CF7212F00721136 /* Colors.xcassets in Resources */,
				C2CBF34F2CF7212F00721136 /* SF-Pro.ttf in Resources */,
				C2CBF3502CF7212F00721136 /* SFProText.ttf in Resources */,
				C2CBF3422CF7212900721136 /* Preview Assets.xcassets in Resources */,
				C2ABACA52CF75A6A008A2D53 /* Assets.xcassets in Resources */,
			);
			runOnlyForDeploymentPostprocessing = 0;
		};
		C2CBF2C72CF0A6B100721136 /* Resources */ = {
			isa = PBXResourcesBuildPhase;
			buildActionMask = 2147483647;
			files = (
			);
			runOnlyForDeploymentPostprocessing = 0;
		};
		C2CBF2D12CF0A6B100721136 /* Resources */ = {
			isa = PBXResourcesBuildPhase;
			buildActionMask = 2147483647;
			files = (
			);
			runOnlyForDeploymentPostprocessing = 0;
		};
/* End PBXResourcesBuildPhase section */

/* Begin PBXSourcesBuildPhase section */
		C2CBF2B52CF0A6AF00721136 /* Sources */ = {
			isa = PBXSourcesBuildPhase;
			buildActionMask = 2147483647;
			files = (
				C211F8ED2D1D7B1800003A60 /* TO_DO.swift in Sources */,
				C2EE611E2E8A72E000AC5723 /* TasksClient.swift in Sources */,
				C2CBF33C2CF7212900721136 /* DetailScreenView.swift in Sources */,
				C2CBF34B2CF7212F00721136 /* TasksProvider.swift in Sources */,
				C2EE61112E898FB500AC5723 /* Viper_SwiftUI_CoreData.xcdatamodeld in Sources */,
				C2A03C442E896DEF004FDD23 /* CoreDataStack.swift in Sources */,
				C2CBF34C2CF7212F00721136 /* Theme.swift in Sources */,
				C2CBF33D2CF7212900721136 /* TaskJSON.swift in Sources */,
				C2EE611C2E8A6CF800AC5723 /* Task.swift in Sources */,
				C2999FC92E8BBC7B005BA310 /* TestData.swift in Sources */,
				C2EE61142E89908800AC5723 /* TaskModel+CoreDataClass.swift in Sources */,
				C2EE61152E89908800AC5723 /* TaskModel+CoreDataProperties.swift in Sources */,
				C2CBF33E2CF7212900721136 /* MainScreenView.swift in Sources */,
				C2CBF3402CF7212900721136 /* TaskListRowView.swift in Sources */,
				C2EE61182E8A629500AC5723 /* HTTPDataDownloader.swift in Sources */,
				C2EE611A2E8A645000AC5723 /* ErrorHandler.swift in Sources */,
				C2CBF3412CF7212900721136 /* Viper_SwiftUI_CoreDataApp.swift in Sources */,
			);
			runOnlyForDeploymentPostprocessing = 0;
		};
		C2CBF2C52CF0A6B100721136 /* Sources */ = {
			isa = PBXSourcesBuildPhase;
			buildActionMask = 2147483647;
			files = (
				C2CBF3532CF7213500721136 /* Viper_SwiftUI_CoreDataTests.swift in Sources */,
			);
			runOnlyForDeploymentPostprocessing = 0;
		};
		C2CBF2CF2CF0A6B100721136 /* Sources */ = {
			isa = PBXSourcesBuildPhase;
			buildActionMask = 2147483647;
			files = (
				C2CBF3572CF7213A00721136 /* Viper_SwiftUI_CoreDataUITests.swift in Sources */,
				C2CBF3582CF7213A00721136 /* Viper_SwiftUI_CoreDataUITestsLaunchTests.swift in Sources */,
			);
			runOnlyForDeploymentPostprocessing = 0;
		};
/* End PBXSourcesBuildPhase section */

/* Begin PBXTargetDependency section */
		C2CBF2CB2CF0A6B100721136 /* PBXTargetDependency */ = {
			isa = PBXTargetDependency;
			target = C2CBF2B82CF0A6AF00721136 /* Viper_SwiftUI_CoreData */;
			targetProxy = C2CBF2CA2CF0A6B100721136 /* PBXContainerItemProxy */;
		};
		C2CBF2D52CF0A6B100721136 /* PBXTargetDependency */ = {
			isa = PBXTargetDependency;
			target = C2CBF2B82CF0A6AF00721136 /* Viper_SwiftUI_CoreData */;
			targetProxy = C2CBF2D42CF0A6B100721136 /* PBXContainerItemProxy */;
		};
/* End PBXTargetDependency section */

/* Begin XCBuildConfiguration section */
		C2CBF2DB2CF0A6B100721136 /* Debug */ = {
			isa = XCBuildConfiguration;
			buildSettings = {
				ALWAYS_SEARCH_USER_PATHS = NO;
				ASSETCATALOG_COMPILER_GENERATE_SWIFT_ASSET_SYMBOL_EXTENSIONS = YES;
				CLANG_ANALYZER_NONNULL = YES;
				CLANG_ANALYZER_NUMBER_OBJECT_CONVERSION = YES_AGGRESSIVE;
				CLANG_CXX_LANGUAGE_STANDARD = "gnu++20";
				CLANG_ENABLE_MODULES = YES;
				CLANG_ENABLE_OBJC_ARC = YES;
				CLANG_ENABLE_OBJC_WEAK = YES;
				CLANG_WARN_BLOCK_CAPTURE_AUTORELEASING = YES;
				CLANG_WARN_BOOL_CONVERSION = YES;
				CLANG_WARN_COMMA = YES;
				CLANG_WARN_CONSTANT_CONVERSION = YES;
				CLANG_WARN_DEPRECATED_OBJC_IMPLEMENTATIONS = YES;
				CLANG_WARN_DIRECT_OBJC_ISA_USAGE = YES_ERROR;
				CLANG_WARN_DOCUMENTATION_COMMENTS = YES;
				CLANG_WARN_EMPTY_BODY = YES;
				CLANG_WARN_ENUM_CONVERSION = YES;
				CLANG_WARN_INFINITE_RECURSION = YES;
				CLANG_WARN_INT_CONVERSION = YES;
				CLANG_WARN_NON_LITERAL_NULL_CONVERSION = YES;
				CLANG_WARN_OBJC_IMPLICIT_RETAIN_SELF = YES;
				CLANG_WARN_OBJC_LITERAL_CONVERSION = YES;
				CLANG_WARN_OBJC_ROOT_CLASS = YES_ERROR;
				CLANG_WARN_QUOTED_INCLUDE_IN_FRAMEWORK_HEADER = YES;
				CLANG_WARN_RANGE_LOOP_ANALYSIS = YES;
				CLANG_WARN_STRICT_PROTOTYPES = YES;
				CLANG_WARN_SUSPICIOUS_MOVE = YES;
				CLANG_WARN_UNGUARDED_AVAILABILITY = YES_AGGRESSIVE;
				CLANG_WARN_UNREACHABLE_CODE = YES;
				CLANG_WARN__DUPLICATE_METHOD_MATCH = YES;
				COPY_PHASE_STRIP = NO;
				DEBUG_INFORMATION_FORMAT = dwarf;
				ENABLE_STRICT_OBJC_MSGSEND = YES;
				ENABLE_TESTABILITY = YES;
				ENABLE_USER_SCRIPT_SANDBOXING = YES;
				GCC_C_LANGUAGE_STANDARD = gnu17;
				GCC_DYNAMIC_NO_PIC = NO;
				GCC_NO_COMMON_BLOCKS = YES;
				GCC_OPTIMIZATION_LEVEL = 0;
				GCC_PREPROCESSOR_DEFINITIONS = (
					"DEBUG=1",
					"$(inherited)",
				);
				GCC_WARN_64_TO_32_BIT_CONVERSION = YES;
				GCC_WARN_ABOUT_RETURN_TYPE = YES_ERROR;
				GCC_WARN_UNDECLARED_SELECTOR = YES;
				GCC_WARN_UNINITIALIZED_AUTOS = YES_AGGRESSIVE;
				GCC_WARN_UNUSED_FUNCTION = YES;
				GCC_WARN_UNUSED_VARIABLE = YES;
				IPHONEOS_DEPLOYMENT_TARGET = 18.1;
				LOCALIZATION_PREFERS_STRING_CATALOGS = YES;
				MTL_ENABLE_DEBUG_INFO = INCLUDE_SOURCE;
				MTL_FAST_MATH = YES;
				ONLY_ACTIVE_ARCH = YES;
				SDKROOT = iphoneos;
				SWIFT_ACTIVE_COMPILATION_CONDITIONS = "DEBUG $(inherited)";
				SWIFT_OPTIMIZATION_LEVEL = "-Onone";
			};
			name = Debug;
		};
		C2CBF2DC2CF0A6B100721136 /* Release */ = {
			isa = XCBuildConfiguration;
			buildSettings = {
				ALWAYS_SEARCH_USER_PATHS = NO;
				ASSETCATALOG_COMPILER_GENERATE_SWIFT_ASSET_SYMBOL_EXTENSIONS = YES;
				CLANG_ANALYZER_NONNULL = YES;
				CLANG_ANALYZER_NUMBER_OBJECT_CONVERSION = YES_AGGRESSIVE;
				CLANG_CXX_LANGUAGE_STANDARD = "gnu++20";
				CLANG_ENABLE_MODULES = YES;
				CLANG_ENABLE_OBJC_ARC = YES;
				CLANG_ENABLE_OBJC_WEAK = YES;
				CLANG_WARN_BLOCK_CAPTURE_AUTORELEASING = YES;
				CLANG_WARN_BOOL_CONVERSION = YES;
				CLANG_WARN_COMMA = YES;
				CLANG_WARN_CONSTANT_CONVERSION = YES;
				CLANG_WARN_DEPRECATED_OBJC_IMPLEMENTATIONS = YES;
				CLANG_WARN_DIRECT_OBJC_ISA_USAGE = YES_ERROR;
				CLANG_WARN_DOCUMENTATION_COMMENTS = YES;
				CLANG_WARN_EMPTY_BODY = YES;
				CLANG_WARN_ENUM_CONVERSION = YES;
				CLANG_WARN_INFINITE_RECURSION = YES;
				CLANG_WARN_INT_CONVERSION = YES;
				CLANG_WARN_NON_LITERAL_NULL_CONVERSION = YES;
				CLANG_WARN_OBJC_IMPLICIT_RETAIN_SELF = YES;
				CLANG_WARN_OBJC_LITERAL_CONVERSION = YES;
				CLANG_WARN_OBJC_ROOT_CLASS = YES_ERROR;
				CLANG_WARN_QUOTED_INCLUDE_IN_FRAMEWORK_HEADER = YES;
				CLANG_WARN_RANGE_LOOP_ANALYSIS = YES;
				CLANG_WARN_STRICT_PROTOTYPES = YES;
				CLANG_WARN_SUSPICIOUS_MOVE = YES;
				CLANG_WARN_UNGUARDED_AVAILABILITY = YES_AGGRESSIVE;
				CLANG_WARN_UNREACHABLE_CODE = YES;
				CLANG_WARN__DUPLICATE_METHOD_MATCH = YES;
				COPY_PHASE_STRIP = NO;
				DEBUG_INFORMATION_FORMAT = "dwarf-with-dsym";
				ENABLE_NS_ASSERTIONS = NO;
				ENABLE_STRICT_OBJC_MSGSEND = YES;
				ENABLE_USER_SCRIPT_SANDBOXING = YES;
				GCC_C_LANGUAGE_STANDARD = gnu17;
				GCC_NO_COMMON_BLOCKS = YES;
				GCC_WARN_64_TO_32_BIT_CONVERSION = YES;
				GCC_WARN_ABOUT_RETURN_TYPE = YES_ERROR;
				GCC_WARN_UNDECLARED_SELECTOR = YES;
				GCC_WARN_UNINITIALIZED_AUTOS = YES_AGGRESSIVE;
				GCC_WARN_UNUSED_FUNCTION = YES;
				GCC_WARN_UNUSED_VARIABLE = YES;
				IPHONEOS_DEPLOYMENT_TARGET = 18.1;
				LOCALIZATION_PREFERS_STRING_CATALOGS = YES;
				MTL_ENABLE_DEBUG_INFO = NO;
				MTL_FAST_MATH = YES;
				SDKROOT = iphoneos;
				SWIFT_COMPILATION_MODE = wholemodule;
				VALIDATE_PRODUCT = YES;
			};
			name = Release;
		};
		C2CBF2DE2CF0A6B100721136 /* Debug */ = {
			isa = XCBuildConfiguration;
			buildSettings = {
				ASSETCATALOG_COMPILER_APPICON_NAME = AppIcon;
				ASSETCATALOG_COMPILER_GLOBAL_ACCENT_COLOR_NAME = AccentColor;
				CODE_SIGN_STYLE = Automatic;
				CURRENT_PROJECT_VERSION = 1;
				DEVELOPMENT_ASSET_PATHS = "\"Viper_SwiftUI_CoreData/Preview Content\"";
				ENABLE_PREVIEWS = YES;
				GENERATE_INFOPLIST_FILE = YES;
				INFOPLIST_KEY_UIApplicationSceneManifest_Generation = YES;
				INFOPLIST_KEY_UIApplicationSupportsIndirectInputEvents = YES;
				INFOPLIST_KEY_UILaunchScreen_Generation = YES;
				INFOPLIST_KEY_UISupportedInterfaceOrientations_iPad = "UIInterfaceOrientationPortrait UIInterfaceOrientationPortraitUpsideDown UIInterfaceOrientationLandscapeLeft UIInterfaceOrientationLandscapeRight";
				INFOPLIST_KEY_UISupportedInterfaceOrientations_iPhone = "UIInterfaceOrientationPortrait UIInterfaceOrientationLandscapeLeft UIInterfaceOrientationLandscapeRight";
				LD_RUNPATH_SEARCH_PATHS = (
					"$(inherited)",
					"@executable_path/Frameworks",
				);
				MARKETING_VERSION = 1.0;
				PRODUCT_BUNDLE_IDENTIFIER = "online.swampios.Viper-SwiftUI-CoreData";
				PRODUCT_NAME = "$(TARGET_NAME)";
				SWIFT_EMIT_LOC_STRINGS = YES;
				SWIFT_VERSION = 5.0;
				TARGETED_DEVICE_FAMILY = "1,2";
			};
			name = Debug;
		};
		C2CBF2DF2CF0A6B100721136 /* Release */ = {
			isa = XCBuildConfiguration;
			buildSettings = {
				ASSETCATALOG_COMPILER_APPICON_NAME = AppIcon;
				ASSETCATALOG_COMPILER_GLOBAL_ACCENT_COLOR_NAME = AccentColor;
				CODE_SIGN_STYLE = Automatic;
				CURRENT_PROJECT_VERSION = 1;
				DEVELOPMENT_ASSET_PATHS = "\"Viper_SwiftUI_CoreData/Preview Content\"";
				ENABLE_PREVIEWS = YES;
				GENERATE_INFOPLIST_FILE = YES;
				INFOPLIST_KEY_UIApplicationSceneManifest_Generation = YES;
				INFOPLIST_KEY_UIApplicationSupportsIndirectInputEvents = YES;
				INFOPLIST_KEY_UILaunchScreen_Generation = YES;
				INFOPLIST_KEY_UISupportedInterfaceOrientations_iPad = "UIInterfaceOrientationPortrait UIInterfaceOrientationPortraitUpsideDown UIInterfaceOrientationLandscapeLeft UIInterfaceOrientationLandscapeRight";
				INFOPLIST_KEY_UISupportedInterfaceOrientations_iPhone = "UIInterfaceOrientationPortrait UIInterfaceOrientationLandscapeLeft UIInterfaceOrientationLandscapeRight";
				LD_RUNPATH_SEARCH_PATHS = (
					"$(inherited)",
					"@executable_path/Frameworks",
				);
				MARKETING_VERSION = 1.0;
				PRODUCT_BUNDLE_IDENTIFIER = "online.swampios.Viper-SwiftUI-CoreData";
				PRODUCT_NAME = "$(TARGET_NAME)";
				SWIFT_EMIT_LOC_STRINGS = YES;
				SWIFT_VERSION = 5.0;
				TARGETED_DEVICE_FAMILY = "1,2";
			};
			name = Release;
		};
		C2CBF2E12CF0A6B100721136 /* Debug */ = {
			isa = XCBuildConfiguration;
			buildSettings = {
				BUNDLE_LOADER = "$(TEST_HOST)";
				CODE_SIGN_STYLE = Automatic;
				CURRENT_PROJECT_VERSION = 1;
				GENERATE_INFOPLIST_FILE = YES;
				IPHONEOS_DEPLOYMENT_TARGET = 18.1;
				MARKETING_VERSION = 1.0;
				PRODUCT_BUNDLE_IDENTIFIER = "online.swampios.Viper-SwiftUI-CoreDataTests";
				PRODUCT_NAME = "$(TARGET_NAME)";
				SWIFT_EMIT_LOC_STRINGS = NO;
				SWIFT_VERSION = 5.0;
				TARGETED_DEVICE_FAMILY = "1,2";
				TEST_HOST = "$(BUILT_PRODUCTS_DIR)/Viper_SwiftUI_CoreData.app/$(BUNDLE_EXECUTABLE_FOLDER_PATH)/Viper_SwiftUI_CoreData";
			};
			name = Debug;
		};
		C2CBF2E22CF0A6B100721136 /* Release */ = {
			isa = XCBuildConfiguration;
			buildSettings = {
				BUNDLE_LOADER = "$(TEST_HOST)";
				CODE_SIGN_STYLE = Automatic;
				CURRENT_PROJECT_VERSION = 1;
				GENERATE_INFOPLIST_FILE = YES;
				IPHONEOS_DEPLOYMENT_TARGET = 18.1;
				MARKETING_VERSION = 1.0;
				PRODUCT_BUNDLE_IDENTIFIER = "online.swampios.Viper-SwiftUI-CoreDataTests";
				PRODUCT_NAME = "$(TARGET_NAME)";
				SWIFT_EMIT_LOC_STRINGS = NO;
				SWIFT_VERSION = 5.0;
				TARGETED_DEVICE_FAMILY = "1,2";
				TEST_HOST = "$(BUILT_PRODUCTS_DIR)/Viper_SwiftUI_CoreData.app/$(BUNDLE_EXECUTABLE_FOLDER_PATH)/Viper_SwiftUI_CoreData";
			};
			name = Release;
		};
		C2CBF2E42CF0A6B100721136 /* Debug */ = {
			isa = XCBuildConfiguration;
			buildSettings = {
				CODE_SIGN_STYLE = Automatic;
				CURRENT_PROJECT_VERSION = 1;
				GENERATE_INFOPLIST_FILE = YES;
				MARKETING_VERSION = 1.0;
				PRODUCT_BUNDLE_IDENTIFIER = "online.swampios.Viper-SwiftUI-CoreDataUITests";
				PRODUCT_NAME = "$(TARGET_NAME)";
				SWIFT_EMIT_LOC_STRINGS = NO;
				SWIFT_VERSION = 5.0;
				TARGETED_DEVICE_FAMILY = "1,2";
				TEST_TARGET_NAME = Viper_SwiftUI_CoreData;
			};
			name = Debug;
		};
		C2CBF2E52CF0A6B100721136 /* Release */ = {
			isa = XCBuildConfiguration;
			buildSettings = {
				CODE_SIGN_STYLE = Automatic;
				CURRENT_PROJECT_VERSION = 1;
				GENERATE_INFOPLIST_FILE = YES;
				MARKETING_VERSION = 1.0;
				PRODUCT_BUNDLE_IDENTIFIER = "online.swampios.Viper-SwiftUI-CoreDataUITests";
				PRODUCT_NAME = "$(TARGET_NAME)";
				SWIFT_EMIT_LOC_STRINGS = NO;
				SWIFT_VERSION = 5.0;
				TARGETED_DEVICE_FAMILY = "1,2";
				TEST_TARGET_NAME = Viper_SwiftUI_CoreData;
			};
			name = Release;
		};
/* End XCBuildConfiguration section */

/* Begin XCConfigurationList section */
		C2CBF2B42CF0A6AF00721136 /* Build configuration list for PBXProject "Viper_SwiftUI_CoreData" */ = {
			isa = XCConfigurationList;
			buildConfigurations = (
				C2CBF2DB2CF0A6B100721136 /* Debug */,
				C2CBF2DC2CF0A6B100721136 /* Release */,
			);
			defaultConfigurationIsVisible = 0;
			defaultConfigurationName = Release;
		};
		C2CBF2DD2CF0A6B100721136 /* Build configuration list for PBXNativeTarget "Viper_SwiftUI_CoreData" */ = {
			isa = XCConfigurationList;
			buildConfigurations = (
				C2CBF2DE2CF0A6B100721136 /* Debug */,
				C2CBF2DF2CF0A6B100721136 /* Release */,
			);
			defaultConfigurationIsVisible = 0;
			defaultConfigurationName = Release;
		};
		C2CBF2E02CF0A6B100721136 /* Build configuration list for PBXNativeTarget "Viper_SwiftUI_CoreDataTests" */ = {
			isa = XCConfigurationList;
			buildConfigurations = (
				C2CBF2E12CF0A6B100721136 /* Debug */,
				C2CBF2E22CF0A6B100721136 /* Release */,
			);
			defaultConfigurationIsVisible = 0;
			defaultConfigurationName = Release;
		};
		C2CBF2E32CF0A6B100721136 /* Build configuration list for PBXNativeTarget "Viper_SwiftUI_CoreDataUITests" */ = {
			isa = XCConfigurationList;
			buildConfigurations = (
				C2CBF2E42CF0A6B100721136 /* Debug */,
				C2CBF2E52CF0A6B100721136 /* Release */,
			);
			defaultConfigurationIsVisible = 0;
			defaultConfigurationName = Release;
		};
/* End XCConfigurationList section */

/* Begin XCVersionGroup section */
		C2EE610F2E898FB400AC5723 /* Viper_SwiftUI_CoreData.xcdatamodeld */ = {
			isa = XCVersionGroup;
			children = (
				C2EE61102E898FB400AC5723 /* Viper_SwiftUI_CoreData.xcdatamodel */,
			);
			currentVersion = C2EE61102E898FB400AC5723 /* Viper_SwiftUI_CoreData.xcdatamodel */;
			path = Viper_SwiftUI_CoreData.xcdatamodeld;
			sourceTree = "<group>";
			versionGroupType = wrapper.xcdatamodel;
		};
/* End XCVersionGroup section */
	};
	rootObject = C2CBF2B12CF0A6AF00721136 /* Project object */;
}
